
Microsoft Visual Studio Solution File, Format Version 12.00
# Visual Studio 15
VisualStudioVersion = 15.0.28307.168
MinimumVisualStudioVersion = 10.0.40219.1
Project("{888888A0-9F3D-457C-B088-3A5042F75D52}") = "FlaskWebProject1", "FlaskWebProject1\FlaskWebProject1.pyproj", "{7BB28CAB-A5CC-492B-BC36-2D5DCCAA3D23}"
EndProject
Global
	GlobalSection(SolutionConfigurationPlatforms) = preSolution
		Debug|Any CPU = Debug|Any CPU
		Release|Any CPU = Release|Any CPU
	EndGlobalSection
	GlobalSection(ProjectConfigurationPlatforms) = postSolution
		{7BB28CAB-A5CC-492B-BC36-2D5DCCAA3D23}.Debug|Any CPU.ActiveCfg = Debug|Any CPU
		{7BB28CAB-A5CC-492B-BC36-2D5DCCAA3D23}.Debug|Any CPU.Build.0 = Debug|Any CPU
		{7BB28CAB-A5CC-492B-BC36-2D5DCCAA3D23}.Release|Any CPU.ActiveCfg = Release|Any CPU
		{7BB28CAB-A5CC-492B-BC36-2D5DCCAA3D23}.Release|Any CPU.Build.0 = Release|Any CPU
	EndGlobalSection
	GlobalSection(SolutionProperties) = preSolution
		HideSolutionNode = FALSE
	EndGlobalSection
	GlobalSection(ExtensibilityGlobals) = postSolution
		SolutionGuid = {4CF1746C-62B6-4FE7-9834-5F8B9890C3B8}
	EndGlobalSection
EndGlobal
